
Microsoft Visual Studio Solution File, Format Version 12.00
# Visual Studio Version 17
VisualStudioVersion = 17.0.31903.59
MinimumVisualStudioVersion = 10.0.40219.1
Project("{2150E333-8FDC-42A3-9474-1A3956D46DE8}") = "src", "src", "{8D950DBF-29B0-4FF2-BDBE-5CF88EDCA556}"
EndProject
Project("{FAE04EC0-301F-11D3-BF4B-00C04F79EFBC}") = "dump-messages", "src\dump-messages\dump-messages.csproj", "{9C2EF00C-334E-4106-8807-AD4E62BF9997}"
EndProject
Project("{2150E333-8FDC-42A3-9474-1A3956D46DE8}") = "test", "test", "{6162DFDB-820D-4543-9679-1C997A680889}"
EndProject
Project("{FAE04EC0-301F-11D3-BF4B-00C04F79EFBC}") = "dump-messages.Test.Xunit", "test\dump-messages.Test.Xunit\dump-messages.Test.Xunit.csproj", "{A79844D5-B2DF-4F9C-AE58-151FD1F93389}"
EndProject
Global
	GlobalSection(SolutionConfigurationPlatforms) = preSolution
		Debug|Any CPU = Debug|Any CPU
		Release|Any CPU = Release|Any CPU
	EndGlobalSection
	GlobalSection(SolutionProperties) = preSolution
		HideSolutionNode = FALSE
	EndGlobalSection
	GlobalSection(ProjectConfigurationPlatforms) = postSolution
		{9C2EF00C-334E-4106-8807-AD4E62BF9997}.Debug|Any CPU.ActiveCfg = Debug|Any CPU
		{9C2EF00C-334E-4106-8807-AD4E62BF9997}.Debug|Any CPU.Build.0 = Debug|Any CPU
		{9C2EF00C-334E-4106-8807-AD4E62BF9997}.Release|Any CPU.ActiveCfg = Release|Any CPU
		{9C2EF00C-334E-4106-8807-AD4E62BF9997}.Release|Any CPU.Build.0 = Release|Any CPU
		{A79844D5-B2DF-4F9C-AE58-151FD1F93389}.Debug|Any CPU.ActiveCfg = Debug|Any CPU
		{A79844D5-B2DF-4F9C-AE58-151FD1F93389}.Debug|Any CPU.Build.0 = Debug|Any CPU
		{A79844D5-B2DF-4F9C-AE58-151FD1F93389}.Release|Any CPU.ActiveCfg = Release|Any CPU
		{A79844D5-B2DF-4F9C-AE58-151FD1F93389}.Release|Any CPU.Build.0 = Release|Any CPU
	EndGlobalSection
	GlobalSection(NestedProjects) = preSolution
		{9C2EF00C-334E-4106-8807-AD4E62BF9997} = {8D950DBF-29B0-4FF2-BDBE-5CF88EDCA556}
		{A79844D5-B2DF-4F9C-AE58-151FD1F93389} = {6162DFDB-820D-4543-9679-1C997A680889}
	EndGlobalSection
EndGlobal
