
Microsoft Visual Studio Solution File, Format Version 12.00
# Visual Studio Version 17
VisualStudioVersion = 17.0.31903.59
MinimumVisualStudioVersion = 10.0.40219.1
Project("{2150E333-8FDC-42A3-9474-1A3956D46DE8}") = "src", "src", "{30C814F0-7926-4C9A-B672-36CA76BC1B2E}"
EndProject
Project("{FAE04EC0-301F-11D3-BF4B-00C04F79EFBC}") = "rmqctl", "src\rmqctl\rmqctl.csproj", "{82DD870D-DD37-40C9-B19B-32040BBB52B9}"
EndProject
Project("{2150E333-8FDC-42A3-9474-1A3956D46DE8}") = "test", "test", "{2518B246-DEC6-40F3-9A31-252638D0CE95}"
EndProject
Project("{FAE04EC0-301F-11D3-BF4B-00C04F79EFBC}") = "rmqctl.Test.Xunit", "test\rmqctl.Test.Xunit\rmqctl.Test.Xunit.csproj", "{DCE8D476-5642-4D91-934E-96455DDA4633}"
EndProject
Global
	GlobalSection(SolutionConfigurationPlatforms) = preSolution
		Debug|Any CPU = Debug|Any CPU
		Release|Any CPU = Release|Any CPU
	EndGlobalSection
	GlobalSection(SolutionProperties) = preSolution
		HideSolutionNode = FALSE
	EndGlobalSection
	GlobalSection(ProjectConfigurationPlatforms) = postSolution
		{82DD870D-DD37-40C9-B19B-32040BBB52B9}.Debug|Any CPU.ActiveCfg = Debug|Any CPU
		{82DD870D-DD37-40C9-B19B-32040BBB52B9}.Debug|Any CPU.Build.0 = Debug|Any CPU
		{82DD870D-DD37-40C9-B19B-32040BBB52B9}.Release|Any CPU.ActiveCfg = Release|Any CPU
		{82DD870D-DD37-40C9-B19B-32040BBB52B9}.Release|Any CPU.Build.0 = Release|Any CPU
		{DCE8D476-5642-4D91-934E-96455DDA4633}.Debug|Any CPU.ActiveCfg = Debug|Any CPU
		{DCE8D476-5642-4D91-934E-96455DDA4633}.Debug|Any CPU.Build.0 = Debug|Any CPU
		{DCE8D476-5642-4D91-934E-96455DDA4633}.Release|Any CPU.ActiveCfg = Release|Any CPU
		{DCE8D476-5642-4D91-934E-96455DDA4633}.Release|Any CPU.Build.0 = Release|Any CPU
	EndGlobalSection
	GlobalSection(NestedProjects) = preSolution
		{82DD870D-DD37-40C9-B19B-32040BBB52B9} = {30C814F0-7926-4C9A-B672-36CA76BC1B2E}
		{DCE8D476-5642-4D91-934E-96455DDA4633} = {2518B246-DEC6-40F3-9A31-252638D0CE95}
	EndGlobalSection
EndGlobal
